
Microsoft Visual Studio Solution File, Format Version 12.00
# Visual Studio Version 17
VisualStudioVersion = 17.0.31903.59
MinimumVisualStudioVersion = 10.0.40219.1
Project("{FAE04EC0-301F-11D3-BF4B-00C04F79EFBC}") = "HelpingAkata", "HelpingAkata.csproj", "{2A87FA78-1F16-477D-B52A-B5FB1E7D08CD}"
EndProject
Global
	GlobalSection(SolutionConfigurationPlatforms) = preSolution
		Debug|Any CPU = Debug|Any CPU
		Release|Any CPU = Release|Any CPU
	EndGlobalSection
	GlobalSection(ProjectConfigurationPlatforms) = postSolution
		{2A87FA78-1F16-477D-B52A-B5FB1E7D08CD}.Debug|Any CPU.ActiveCfg = Debug|Any CPU
		{2A87FA78-1F16-477D-B52A-B5FB1E7D08CD}.Debug|Any CPU.Build.0 = Debug|Any CPU
		{2A87FA78-1F16-477D-B52A-B5FB1E7D08CD}.Release|Any CPU.ActiveCfg = Release|Any CPU
		{2A87FA78-1F16-477D-B52A-B5FB1E7D08CD}.Release|Any CPU.Build.0 = Release|Any CPU
	EndGlobalSection
	GlobalSection(SolutionProperties) = preSolution
		HideSolutionNode = FALSE
	EndGlobalSection
	GlobalSection(ExtensibilityGlobals) = postSolution
		SolutionGuid = {CF3A9C6B-DC6C-4092-9A12-094035B78582}
	EndGlobalSection
EndGlobal
